# @generated - this file is auto-generated by `mise lock` https://mise.jdx.dev/dev-tools/mise-lock.html

[[tools."aqua:tombi-toml/tombi"]]
version = "0.9.13"
backend = "aqua:tombi-toml/tombi"

[tools."aqua:tombi-toml/tombi"."platforms.linux-x64"]
checksum = "sha256:55023b6a24f12c5be2fb6dd826a5f3763e701d4175352619518ac5092540d61a"
url = "https://github.com/tombi-toml/tombi/releases/download/v0.9.13/tombi-cli-0.9.13-x86_64-unknown-linux-musl.gz"

[tools."aqua:tombi-toml/tombi"."platforms.macos-arm64"]
checksum = "sha256:608e397c0b1a874814113cd337464589db858364aad26146ce5c778d4cbcbdea"
url = "https://github.com/tombi-toml/tombi/releases/download/v0.9.13/tombi-cli-0.9.13-aarch64-apple-darwin.gz"

[tools."aqua:tombi-toml/tombi"."platforms.macos-x64"]
checksum = "sha256:00232564a55f84a19b571769207ce319056b96800e25ed2fab44203e71e38443"
url = "https://github.com/tombi-toml/tombi/releases/download/v0.9.13/tombi-cli-0.9.13-x86_64-apple-darwin.gz"

[tools."aqua:tombi-toml/tombi"."platforms.windows-x64"]
checksum = "sha256:b886f817ea20a561ca330c9bc4097392c5d6471d94faabad41283763044b79cc"
url = "https://github.com/tombi-toml/tombi/releases/download/v0.9.13/tombi-cli-0.9.13-x86_64-pc-windows-msvc.zip"

[[tools."github:taiki-e/cargo-llvm-cov"]]
version = "0.8.5"
backend = "github:taiki-e/cargo-llvm-cov"

[tools."github:taiki-e/cargo-llvm-cov"."platforms.linux-x64"]
checksum = "sha256:7e62d664f5133d43d33a3b11138c93feff98bd71e953ddc260ea8ddf360a37c6"
url = "https://github.com/taiki-e/cargo-llvm-cov/releases/download/v0.8.5/cargo-llvm-cov-x86_64-unknown-linux-gnu.tar.gz"
url_api = "https://api.github.com/repos/taiki-e/cargo-llvm-cov/releases/assets/377825273"
provenance = "github-attestations"

[tools."github:taiki-e/cargo-llvm-cov"."platforms.macos-arm64"]
checksum = "sha256:816b6ff2c23ba569327d153189d7434afd501fc873cc0f5fbb0cfe412b97bc22"
url = "https://github.com/taiki-e/cargo-llvm-cov/releases/download/v0.8.5/cargo-llvm-cov-aarch64-apple-darwin.tar.gz"
url_api = "https://api.github.com/repos/taiki-e/cargo-llvm-cov/releases/assets/377828171"
provenance = "github-attestations"

[tools."github:taiki-e/cargo-llvm-cov"."platforms.macos-x64"]
checksum = "sha256:b8598f0ea19900f6dea3b3fd4214f1de96f1bff47eaa32a775643fc402cabad0"
url = "https://github.com/taiki-e/cargo-llvm-cov/releases/download/v0.8.5/cargo-llvm-cov-x86_64-apple-darwin.tar.gz"
url_api = "https://api.github.com/repos/taiki-e/cargo-llvm-cov/releases/assets/377828328"
provenance = "github-attestations"

[tools."github:taiki-e/cargo-llvm-cov"."platforms.windows-x64"]
checksum = "sha256:62d3265ea30455fedc42eef4a7164cc3389195fa6fe97edf87caa102c0739bcd"
url = "https://github.com/taiki-e/cargo-llvm-cov/releases/download/v0.8.5/cargo-llvm-cov-x86_64-pc-windows-msvc.zip"
url_api = "https://api.github.com/repos/taiki-e/cargo-llvm-cov/releases/assets/377825876"
provenance = "github-attestations"

[[tools.python]]
version = "3.12.13"
backend = "core:python"

[tools.python."platforms.linux-x64"]
checksum = "sha256:1f464e6d344fc75d557fff07b78cd3740d0a33addc15f3dbfc0816a05b032e75"
url = "https://github.com/astral-sh/python-build-standalone/releases/download/20260324/cpython-3.12.13+20260324-x86_64-unknown-linux-gnu-install_only_stripped.tar.gz"
provenance = "github-attestations"

[tools.python."platforms.macos-arm64"]
checksum = "sha256:b81406c99e81ac8e431231adf05c2709748836ac17593e74e70d7b8fc23efec5"
url = "https://github.com/astral-sh/python-build-standalone/releases/download/20260324/cpython-3.12.13+20260324-aarch64-apple-darwin-install_only_stripped.tar.gz"
provenance = "github-attestations"

[tools.python."platforms.macos-x64"]
checksum = "sha256:96e71efd05b0c30e7ccde8cd2f8e6aed21b7d6250c8d647dc193dab2cbb52c14"
url = "https://github.com/astral-sh/python-build-standalone/releases/download/20260324/cpython-3.12.13+20260324-x86_64-apple-darwin-install_only_stripped.tar.gz"
provenance = "github-attestations"

[tools.python."platforms.windows-x64"]
checksum = "sha256:30e997e89cd27f525818d1faab04f0ff8df35159c065c979649c0eb55816b64a"
url = "https://github.com/astral-sh/python-build-standalone/releases/download/20260324/cpython-3.12.13+20260324-x86_64-pc-windows-msvc-install_only_stripped.tar.gz"
provenance = "github-attestations"

[[tools.python]]
version = "3.14.3"
backend = "core:python"

[tools.python."platforms.linux-x64"]
checksum = "sha256:d7a9f970914bb4c88756fe3bdcc186d4feb90e9500e54f1db47dae4dc9687e39"
url = "https://github.com/astral-sh/python-build-standalone/releases/download/20260324/cpython-3.14.3+20260324-x86_64-unknown-linux-gnu-install_only_stripped.tar.gz"
provenance = "github-attestations"

[tools.python."platforms.macos-arm64"]
checksum = "sha256:c43aecde4a663aebff99b9b83da0efec506479f1c3f98331442f33d2c43501f9"
url = "https://github.com/astral-sh/python-build-standalone/releases/download/20260324/cpython-3.14.3+20260324-aarch64-apple-darwin-install_only_stripped.tar.gz"
provenance = "github-attestations"

[tools.python."platforms.macos-x64"]
checksum = "sha256:9ab41dbc2f100a2a45d1833b9c11165f51051c558b5213eda9a9731d5948a0c0"
url = "https://github.com/astral-sh/python-build-standalone/releases/download/20260324/cpython-3.14.3+20260324-x86_64-apple-darwin-install_only_stripped.tar.gz"
provenance = "github-attestations"

[tools.python."platforms.windows-x64"]
checksum = "sha256:bbe19034b35b0267176a7442575ae7dc6343480fd4d35598cb7700173d431e09"
url = "https://github.com/astral-sh/python-build-standalone/releases/download/20260324/cpython-3.14.3+20260324-x86_64-pc-windows-msvc-install_only_stripped.tar.gz"
provenance = "github-attestations"

[[tools.python]]
version = "3.13.12"
backend = "core:python"

[tools.python."platforms.linux-x64"]
checksum = "sha256:91c8920a197c3f7c562612eb4537e18e0c52c1c918bb39912cbd0b1b3c154229"
url = "https://github.com/astral-sh/python-build-standalone/releases/download/20260324/cpython-3.13.12+20260324-x86_64-unknown-linux-gnu-install_only_stripped.tar.gz"
provenance = "github-attestations"

[tools.python."platforms.macos-arm64"]
checksum = "sha256:3de7059c87c0e7604e3e9397a547020c161f65c8d51d358e230d3a7d3a456aaa"
url = "https://github.com/astral-sh/python-build-standalone/releases/download/20260324/cpython-3.13.12+20260324-aarch64-apple-darwin-install_only_stripped.tar.gz"
provenance = "github-attestations"

[tools.python."platforms.macos-x64"]
checksum = "sha256:7fd6a6162ef82c9df74eb1c71dad042a05960869789915b1203d61f14d3dc629"
url = "https://github.com/astral-sh/python-build-standalone/releases/download/20260324/cpython-3.13.12+20260324-x86_64-apple-darwin-install_only_stripped.tar.gz"
provenance = "github-attestations"

[tools.python."platforms.windows-x64"]
checksum = "sha256:b11194bd12122df60e24b08a71a4e5aaa1d15c2cf436f7f4f57bbea4f9a80462"
url = "https://github.com/astral-sh/python-build-standalone/releases/download/20260324/cpython-3.13.12+20260324-x86_64-pc-windows-msvc-install_only_stripped.tar.gz"
provenance = "github-attestations"

[[tools.ruff]]
version = "0.15.8"
backend = "aqua:astral-sh/ruff"

[tools.ruff."platforms.linux-x64"]
checksum = "sha256:d541beae99d550ed4abb3a1d026b907886c7cdf44a533b24624871e3d8c81330"
url = "https://github.com/astral-sh/ruff/releases/download/0.15.8/ruff-x86_64-unknown-linux-musl.tar.gz"

[tools.ruff."platforms.macos-arm64"]
checksum = "sha256:94fc061f928c8f2b04c4b3a98aad2b1b04f38b4c808839bc5b33a2f0a63a47a3"
url = "https://github.com/astral-sh/ruff/releases/download/0.15.8/ruff-aarch64-apple-darwin.tar.gz"

[tools.ruff."platforms.macos-x64"]
checksum = "sha256:153d1801068df606290e832058ce2e5601584ac302788a055d0390adf6c772ce"
url = "https://github.com/astral-sh/ruff/releases/download/0.15.8/ruff-x86_64-apple-darwin.tar.gz"

[tools.ruff."platforms.windows-x64"]
checksum = "sha256:1e6ebd021dc9cefa8b9f15b5d6500c275ec49a0f2da968824845c34f30060c78"
url = "https://github.com/astral-sh/ruff/releases/download/0.15.8/ruff-x86_64-pc-windows-msvc.zip"

[[tools.rust]]
version = "1.94.1"
backend = "core:rust"

[[tools.uv]]
version = "0.11.3"
backend = "aqua:astral-sh/uv"

[tools.uv."platforms.linux-x64"]
checksum = "sha256:8b40cf16b849634b81a530a3d0a0bcae5f24996ef9ae782976fd69b6266d3b8e"
url = "https://github.com/astral-sh/uv/releases/download/0.11.3/uv-x86_64-unknown-linux-musl.tar.gz"

[tools.uv."platforms.macos-arm64"]
checksum = "sha256:2bc3d0c7bf2bd08325b1e170abac6f7e5b3346e1d4eab3370d17cefec934996f"
url = "https://github.com/astral-sh/uv/releases/download/0.11.3/uv-aarch64-apple-darwin.tar.gz"

[tools.uv."platforms.macos-x64"]
checksum = "sha256:b0e05e0b43a000fdc2132ee3f3400ba5dee427bc2337d3ec4eb8cf4f3d5722af"
url = "https://github.com/astral-sh/uv/releases/download/0.11.3/uv-x86_64-apple-darwin.tar.gz"

[tools.uv."platforms.windows-x64"]
checksum = "sha256:ae681c0aaec7cc96af184648cb88d73f8393ed60fa5880abdd6bdb910f9b227c"
url = "https://github.com/astral-sh/uv/releases/download/0.11.3/uv-x86_64-pc-windows-msvc.zip"
